
Microsoft Visual Studio Solution File, Format Version 12.00
# Visual Studio 15
Project("{FAE04EC0-301F-11D3-BF4B-00C04F79EFBC}") = "Assembly-CSharp", "Assembly-CSharp.csproj", "{000E2144-2928-1725-E614-0FFABDC87FC1}"
EndProject
Project("{FAE04EC0-301F-11D3-BF4B-00C04F79EFBC}") = "Assembly-CSharp-Editor-firstpass", "Assembly-CSharp-Editor-firstpass.csproj", "{D3E5C317-F922-A3C9-5E60-4B56E3AE699A}"
EndProject
Global
	GlobalSection(SolutionConfigurationPlatforms) = preSolution
		Debug|Any CPU = Debug|Any CPU
		Release|Any CPU = Release|Any CPU
	EndGlobalSection
	GlobalSection(ProjectConfigurationPlatforms) = postSolution
		{000E2144-2928-1725-E614-0FFABDC87FC1}.Debug|Any CPU.ActiveCfg = Debug|Any CPU
		{000E2144-2928-1725-E614-0FFABDC87FC1}.Debug|Any CPU.Build.0 = Debug|Any CPU
		{000E2144-2928-1725-E614-0FFABDC87FC1}.Release|Any CPU.ActiveCfg = Release|Any CPU
		{000E2144-2928-1725-E614-0FFABDC87FC1}.Release|Any CPU.Build.0 = Release|Any CPU
		{D3E5C317-F922-A3C9-5E60-4B56E3AE699A}.Debug|Any CPU.ActiveCfg = Debug|Any CPU
		{D3E5C317-F922-A3C9-5E60-4B56E3AE699A}.Debug|Any CPU.Build.0 = Debug|Any CPU
		{D3E5C317-F922-A3C9-5E60-4B56E3AE699A}.Release|Any CPU.ActiveCfg = Release|Any CPU
		{D3E5C317-F922-A3C9-5E60-4B56E3AE699A}.Release|Any CPU.Build.0 = Release|Any CPU
	EndGlobalSection
	GlobalSection(SolutionProperties) = preSolution
		HideSolutionNode = FALSE
	EndGlobalSection
EndGlobal
